<Solution>
  <Folder Name="/Elementos de la solución/">
    <File Path=".gitignore" />
    <File Path="readme.md" />
  </Folder>
  <Project Path="API/API.csproj" />
  <Project Path="Application/Application.csproj" />
  <Project Path="Domain/Domain.csproj" />
  <Project Path="Infrastructure/Infrastructure.csproj" />
</Solution>
